
Microsoft Visual Studio Solution File, Format Version 12.00
# Visual Studio Version 16
VisualStudioVersion = 16.0.30907.101
MinimumVisualStudioVersion = 10.0.40219.1
Project("{FAE04EC0-301F-11D3-BF4B-00C04F79EFBC}") = "CookiesConsole", "CookiesConsole\CookiesConsole.csproj", "{F92A184C-7557-4AA2-804F-077C0833FBC8}"
EndProject
Project("{00D1A9C2-B5F0-4AF3-8072-F6C62B433612}") = "CookiesDb", "CookiesDb\CookiesDb.sqlproj", "{7EA76BDA-4BA9-4547-98C8-2D296B7D8EF4}"
EndProject
Global
	GlobalSection(SolutionConfigurationPlatforms) = preSolution
		Debug|Any CPU = Debug|Any CPU
		Release|Any CPU = Release|Any CPU
	EndGlobalSection
	GlobalSection(ProjectConfigurationPlatforms) = postSolution
		{F92A184C-7557-4AA2-804F-077C0833FBC8}.Debug|Any CPU.ActiveCfg = Debug|Any CPU
		{F92A184C-7557-4AA2-804F-077C0833FBC8}.Debug|Any CPU.Build.0 = Debug|Any CPU
		{F92A184C-7557-4AA2-804F-077C0833FBC8}.Release|Any CPU.ActiveCfg = Release|Any CPU
		{F92A184C-7557-4AA2-804F-077C0833FBC8}.Release|Any CPU.Build.0 = Release|Any CPU
		{7EA76BDA-4BA9-4547-98C8-2D296B7D8EF4}.Debug|Any CPU.ActiveCfg = Debug|Any CPU
		{7EA76BDA-4BA9-4547-98C8-2D296B7D8EF4}.Debug|Any CPU.Build.0 = Debug|Any CPU
		{7EA76BDA-4BA9-4547-98C8-2D296B7D8EF4}.Debug|Any CPU.Deploy.0 = Debug|Any CPU
		{7EA76BDA-4BA9-4547-98C8-2D296B7D8EF4}.Release|Any CPU.ActiveCfg = Release|Any CPU
		{7EA76BDA-4BA9-4547-98C8-2D296B7D8EF4}.Release|Any CPU.Build.0 = Release|Any CPU
		{7EA76BDA-4BA9-4547-98C8-2D296B7D8EF4}.Release|Any CPU.Deploy.0 = Release|Any CPU
	EndGlobalSection
	GlobalSection(SolutionProperties) = preSolution
		HideSolutionNode = FALSE
	EndGlobalSection
	GlobalSection(ExtensibilityGlobals) = postSolution
		SolutionGuid = {FD39037D-FFC0-4BE8-90B1-1681912FA3EA}
	EndGlobalSection
EndGlobal
